
Microsoft Visual Studio Solution File, Format Version 12.00
# Visual Studio Version 17
VisualStudioVersion = 17.0.31903.59
MinimumVisualStudioVersion = 10.0.40219.1
Project("{FAE04EC0-301F-11D3-BF4B-00C04F79EFBC}") = "3Case", "3Case\3Case.csproj", "{686CE2BB-F07C-4513-A2A2-AEA6CD06183F}"
EndProject
Project("{FAE04EC0-301F-11D3-BF4B-00C04F79EFBC}") = "ClassLibrary1", "ClassLibrary1\ClassLibrary1.csproj", "{F78A18D9-CC72-45F9-823A-66B51D95A891}"
EndProject
Global
	GlobalSection(SolutionConfigurationPlatforms) = preSolution
		Debug|Any CPU = Debug|Any CPU
		Release|Any CPU = Release|Any CPU
	EndGlobalSection
	GlobalSection(ProjectConfigurationPlatforms) = postSolution
		{686CE2BB-F07C-4513-A2A2-AEA6CD06183F}.Debug|Any CPU.ActiveCfg = Debug|Any CPU
		{686CE2BB-F07C-4513-A2A2-AEA6CD06183F}.Debug|Any CPU.Build.0 = Debug|Any CPU
		{686CE2BB-F07C-4513-A2A2-AEA6CD06183F}.Release|Any CPU.ActiveCfg = Release|Any CPU
		{686CE2BB-F07C-4513-A2A2-AEA6CD06183F}.Release|Any CPU.Build.0 = Release|Any CPU
		{F78A18D9-CC72-45F9-823A-66B51D95A891}.Debug|Any CPU.ActiveCfg = Debug|Any CPU
		{F78A18D9-CC72-45F9-823A-66B51D95A891}.Debug|Any CPU.Build.0 = Debug|Any CPU
		{F78A18D9-CC72-45F9-823A-66B51D95A891}.Release|Any CPU.ActiveCfg = Release|Any CPU
		{F78A18D9-CC72-45F9-823A-66B51D95A891}.Release|Any CPU.Build.0 = Release|Any CPU
	EndGlobalSection
	GlobalSection(SolutionProperties) = preSolution
		HideSolutionNode = FALSE
	EndGlobalSection
	GlobalSection(ExtensibilityGlobals) = postSolution
		SolutionGuid = {1586072E-DC06-4C28-824E-345485A06678}
	EndGlobalSection
EndGlobal
